schema: '2.0'
stages:
  data_ingestion:
    cmd: python src/data_ingestion.py
    deps:
    - path: src/data_ingestion.py
      hash: md5
      md5: e65f1de2d4ecf0292434f547cb2827b8
      size: 3639
    params:
      params.yaml:
        data_ingestion.test_size: 0.2
    outs:
    - path: data/raw
      hash: md5
      md5: dc6031f5897cd31485dfae5727ffeccb.dir
      size: 484846
      nfiles: 2
  data_preprocessing:
    cmd: python src/data_preprocessing.py
    deps:
    - path: data/raw
      hash: md5
      md5: dc6031f5897cd31485dfae5727ffeccb.dir
      size: 484846
      nfiles: 2
    - path: src/data_preprocessing.py
      hash: md5
      md5: 07e576480f7284393ba83f8bc10ff8cb
      size: 3975
    outs:
    - path: data/interim
      hash: md5
      md5: c6c0d1a66247facd3e30a34619d28015.dir
      size: 263802
      nfiles: 2
  feature_engineering:
    cmd: python src/feature_engineering.py
    deps:
    - path: data/interim
      hash: md5
      md5: c6c0d1a66247facd3e30a34619d28015.dir
      size: 263802
      nfiles: 2
    - path: src/feature_engineering.py
      hash: md5
      md5: d2cc8c5b6fda780aaded99dae3da3fef
      size: 3912
    params:
      params.yaml:
        feature_engineering.max_features: 35
    outs:
    - path: data/processed
      hash: md5
      md5: 608eb3741de40a394c3ab9af27a1d52a.dir
      size: 844182
      nfiles: 2
  model_building:
    cmd: python src/model_building.py
    deps:
    - path: data/processed
      hash: md5
      md5: 608eb3741de40a394c3ab9af27a1d52a.dir
      size: 844182
      nfiles: 2
    - path: src/model_building.py
      hash: md5
      md5: d62f4253d4f19d15916f91db4ce82432
      size: 4425
    params:
      params.yaml:
        model_building.n_estimators: 22
        model_building.random_state: 2
    outs:
    - path: models/model.pkl
      hash: md5
      md5: aa069291aa08b49b844721cec96fd994
      size: 527326
  model_evaluation:
    cmd: python src/model_evaluation.py
    deps:
    - path: models/model.pkl
      hash: md5
      md5: aa069291aa08b49b844721cec96fd994
      size: 527326
    - path: src/model_evaluation.py
      hash: md5
      md5: 553abb63c25d201ab4732efe779df04d
      size: 4639
    outs:
    - path: reports/metrics.json
      hash: md5
      md5: 12d823006f2ac8a617b5fe7f8b49662c
      size: 145
